
Microsoft Visual Studio Solution File, Format Version 12.00
# Visual Studio Version 16
VisualStudioVersion = 16.0.29519.181
MinimumVisualStudioVersion = 10.0.40219.1
Project("{FAE04EC0-301F-11D3-BF4B-00C04F79EFBC}") = "CommunityAwakens.Domain", "CommunityAwakens.Domain\CommunityAwakens.Domain.csproj", "{5C28C25C-C486-44BE-A157-B87C6CF83561}"
EndProject
Project("{FAE04EC0-301F-11D3-BF4B-00C04F79EFBC}") = "CommunityAwakens.Application", "CommunityAwakens.Application\CommunityAwakens.Application.csproj", "{A42F8184-E8DA-4440-B376-3215407EA70B}"
EndProject
Project("{FAE04EC0-301F-11D3-BF4B-00C04F79EFBC}") = "CommunityAwakens.Persistence", "CommunityAwakens.Persistence\CommunityAwakens.Persistence.csproj", "{B779CC1C-5ACD-4375-9B41-9B4BEFC5702A}"
EndProject
Global
	GlobalSection(SolutionConfigurationPlatforms) = preSolution
		Debug|Any CPU = Debug|Any CPU
		Release|Any CPU = Release|Any CPU
	EndGlobalSection
	GlobalSection(ProjectConfigurationPlatforms) = postSolution
		{5C28C25C-C486-44BE-A157-B87C6CF83561}.Debug|Any CPU.ActiveCfg = Debug|Any CPU
		{5C28C25C-C486-44BE-A157-B87C6CF83561}.Debug|Any CPU.Build.0 = Debug|Any CPU
		{5C28C25C-C486-44BE-A157-B87C6CF83561}.Release|Any CPU.ActiveCfg = Release|Any CPU
		{5C28C25C-C486-44BE-A157-B87C6CF83561}.Release|Any CPU.Build.0 = Release|Any CPU
		{A42F8184-E8DA-4440-B376-3215407EA70B}.Debug|Any CPU.ActiveCfg = Debug|Any CPU
		{A42F8184-E8DA-4440-B376-3215407EA70B}.Debug|Any CPU.Build.0 = Debug|Any CPU
		{A42F8184-E8DA-4440-B376-3215407EA70B}.Release|Any CPU.ActiveCfg = Release|Any CPU
		{A42F8184-E8DA-4440-B376-3215407EA70B}.Release|Any CPU.Build.0 = Release|Any CPU
		{B779CC1C-5ACD-4375-9B41-9B4BEFC5702A}.Debug|Any CPU.ActiveCfg = Debug|Any CPU
		{B779CC1C-5ACD-4375-9B41-9B4BEFC5702A}.Debug|Any CPU.Build.0 = Debug|Any CPU
		{B779CC1C-5ACD-4375-9B41-9B4BEFC5702A}.Release|Any CPU.ActiveCfg = Release|Any CPU
		{B779CC1C-5ACD-4375-9B41-9B4BEFC5702A}.Release|Any CPU.Build.0 = Release|Any CPU
	EndGlobalSection
	GlobalSection(SolutionProperties) = preSolution
		HideSolutionNode = FALSE
	EndGlobalSection
	GlobalSection(ExtensibilityGlobals) = postSolution
		SolutionGuid = {C5E4D8C7-4093-4678-822D-F91BD28748DD}
	EndGlobalSection
EndGlobal
